
Microsoft Visual Studio Solution File, Format Version 12.00
Project("{FAE04EC0-301F-11D3-BF4B-00C04F79EFBC}") = "VoteSpecFlow", "VoteSpecFlow\VoteSpecFlow.csproj", "{54201575-E098-49D9-B31D-EAD8E17FD3D7}"
EndProject
Global
	GlobalSection(SolutionConfigurationPlatforms) = preSolution
		Debug|Any CPU = Debug|Any CPU
		Release|Any CPU = Release|Any CPU
	EndGlobalSection
	GlobalSection(ProjectConfigurationPlatforms) = postSolution
		{54201575-E098-49D9-B31D-EAD8E17FD3D7}.Debug|Any CPU.ActiveCfg = Debug|Any CPU
		{54201575-E098-49D9-B31D-EAD8E17FD3D7}.Debug|Any CPU.Build.0 = Debug|Any CPU
		{54201575-E098-49D9-B31D-EAD8E17FD3D7}.Release|Any CPU.ActiveCfg = Release|Any CPU
		{54201575-E098-49D9-B31D-EAD8E17FD3D7}.Release|Any CPU.Build.0 = Release|Any CPU
	EndGlobalSection
EndGlobal
